
Microsoft Visual Studio Solution File, Format Version 12.00
# Visual Studio Version 17
VisualStudioVersion = 17.5.002.0
MinimumVisualStudioVersion = 10.0.40219.1
Project("{9A19103F-16F7-4668-BE54-9A1E7A4F7556}") = "WeatherApp", "WeatherApp.csproj", "{577967AD-2AFF-4DC6-A70C-409BCE1536AC}"
EndProject
Global
	GlobalSection(SolutionConfigurationPlatforms) = preSolution
		Debug|Any CPU = Debug|Any CPU
		Release|Any CPU = Release|Any CPU
	EndGlobalSection
	GlobalSection(ProjectConfigurationPlatforms) = postSolution
		{577967AD-2AFF-4DC6-A70C-409BCE1536AC}.Debug|Any CPU.ActiveCfg = Debug|Any CPU
		{577967AD-2AFF-4DC6-A70C-409BCE1536AC}.Debug|Any CPU.Build.0 = Debug|Any CPU
		{577967AD-2AFF-4DC6-A70C-409BCE1536AC}.Release|Any CPU.ActiveCfg = Release|Any CPU
		{577967AD-2AFF-4DC6-A70C-409BCE1536AC}.Release|Any CPU.Build.0 = Release|Any CPU
	EndGlobalSection
	GlobalSection(SolutionProperties) = preSolution
		HideSolutionNode = FALSE
	EndGlobalSection
	GlobalSection(ExtensibilityGlobals) = postSolution
		SolutionGuid = {9645CA07-EF63-4566-82C4-EBF179ACD953}
	EndGlobalSection
EndGlobal
